
Microsoft Visual Studio Solution File, Format Version 12.00
# Visual Studio Version 17
VisualStudioVersion = 17.13.35913.81 d17.13
MinimumVisualStudioVersion = 10.0.40219.1
Project("{FAE04EC0-301F-11D3-BF4B-00C04F79EFBC}") = "KasandraViewerVTK", "KasandraViewerVTK.csproj", "{8CB64D23-E411-4258-9CD0-708CF80D46FE}"
EndProject
Global
	GlobalSection(SolutionConfigurationPlatforms) = preSolution
		Debug|Any CPU = Debug|Any CPU
		Release|Any CPU = Release|Any CPU
	EndGlobalSection
	GlobalSection(ProjectConfigurationPlatforms) = postSolution
		{8CB64D23-E411-4258-9CD0-708CF80D46FE}.Debug|Any CPU.ActiveCfg = Debug|Any CPU
		{8CB64D23-E411-4258-9CD0-708CF80D46FE}.Debug|Any CPU.Build.0 = Debug|Any CPU
		{8CB64D23-E411-4258-9CD0-708CF80D46FE}.Release|Any CPU.ActiveCfg = Release|Any CPU
		{8CB64D23-E411-4258-9CD0-708CF80D46FE}.Release|Any CPU.Build.0 = Release|Any CPU
	EndGlobalSection
	GlobalSection(SolutionProperties) = preSolution
		HideSolutionNode = FALSE
	EndGlobalSection
	GlobalSection(ExtensibilityGlobals) = postSolution
		SolutionGuid = {822AD01C-8246-44EE-A664-96E8113CEBB2}
	EndGlobalSection
EndGlobal
